// !$*UTF8*$!
{
	archiveVersion = 1;
	classes = {
	};
	objectVersion = 46;
	objects = {

/* Begin PBXBuildFile section */
		C5EDD5AE1C7B0BE100B6E925 /* AppDelegate.swift in Sources */ = {isa = PBXBuildFile; fileRef = C5EDD5AD1C7B0BE100B6E925 /* AppDelegate.swift */; };
		C5EDD5B01C7B0BE100B6E925 /* ViewController.swift in Sources */ = {isa = PBXBuildFile; fileRef = C5EDD5AF1C7B0BE100B6E925 /* ViewController.swift */; };
		C5EDD5B31C7B0BE100B6E925 /* Main.storyboard in Resources */ = {isa = PBXBuildFile; fileRef = C5EDD5B11C7B0BE100B6E925 /* Main.storyboard */; };
		C5EDD5B51C7B0BE100B6E925 /* Assets.xcassets in Resources */ = {isa = PBXBuildFile; fileRef = C5EDD5B41C7B0BE100B6E925 /* Assets.xcassets */; };
		C5EDD5B81C7B0BE100B6E925 /* LaunchScreen.storyboard in Resources */ = {isa = PBXBuildFile; fileRef = C5EDD5B61C7B0BE100B6E925 /* LaunchScreen.storyboard */; };
		C5EDD5C31C7B0BE100B6E925 /* PANumberKeyboardTests.swift in Sources */ = {isa = PBXBuildFile; fileRef = C5EDD5C21C7B0BE100B6E925 /* PANumberKeyboardTests.swift */; };
		C5EDD5CE1C7B0BE100B6E925 /* PANumberKeyboardUITests.swift in Sources */ = {isa = PBXBuildFile; fileRef = C5EDD5CD1C7B0BE100B6E925 /* PANumberKeyboardUITests.swift */; };
		C5EDD5E11C7B0C6600B6E925 /* PADecimalKeyboardButton.swift in Sources */ = {isa = PBXBuildFile; fileRef = C5EDD5DC1C7B0C6600B6E925 /* PADecimalKeyboardButton.swift */; };
		C5EDD5E21C7B0C6600B6E925 /* PANumberKeyboardViewController.swift in Sources */ = {isa = PBXBuildFile; fileRef = C5EDD5DD1C7B0C6600B6E925 /* PANumberKeyboardViewController.swift */; };
		C5EDD5E31C7B0C6600B6E925 /* Images.xcassets in Resources */ = {isa = PBXBuildFile; fileRef = C5EDD5DF1C7B0C6600B6E925 /* Images.xcassets */; };
		C5EDD5E41C7B0C6600B6E925 /* PANumberKeyboardViewController.xib in Resources */ = {isa = PBXBuildFile; fileRef = C5EDD5E01C7B0C6600B6E925 /* PANumberKeyboardViewController.xib */; };
/* End PBXBuildFile section */

/* Begin PBXContainerItemProxy section */
		C5EDD5BF1C7B0BE100B6E925 /* PBXContainerItemProxy */ = {
			isa = PBXContainerItemProxy;
			containerPortal = C5EDD5A21C7B0BE100B6E925 /* Project object */;
			proxyType = 1;
			remoteGlobalIDString = C5EDD5A91C7B0BE100B6E925;
			remoteInfo = PANumberKeyboard;
		};
		C5EDD5CA1C7B0BE100B6E925 /* PBXContainerItemProxy */ = {
			isa = PBXContainerItemProxy;
			containerPortal = C5EDD5A21C7B0BE100B6E925 /* Project object */;
			proxyType = 1;
			remoteGlobalIDString = C5EDD5A91C7B0BE100B6E925;
			remoteInfo = PANumberKeyboard;
		};
/* End PBXContainerItemProxy section */

/* Begin PBXFileReference section */
		C5EDD5AA1C7B0BE100B6E925 /* PANumberKeyboard.app */ = {isa = PBXFileReference; explicitFileType = wrapper.application; includeInIndex = 0; path = PANumberKeyboard.app; sourceTree = BUILT_PRODUCTS_DIR; };
		C5EDD5AD1C7B0BE100B6E925 /* AppDelegate.swift */ = {isa = PBXFileReference; lastKnownFileType = sourcecode.swift; path = AppDelegate.swift; sourceTree = "<group>"; };
		C5EDD5AF1C7B0BE100B6E925 /* ViewController.swift */ = {isa = PBXFileReference; lastKnownFileType = sourcecode.swift; path = ViewController.swift; sourceTree = "<group>"; };
		C5EDD5B21C7B0BE100B6E925 /* Base */ = {isa = PBXFileReference; lastKnownFileType = file.storyboard; name = Base; path = Base.lproj/Main.storyboard; sourceTree = "<group>"; };
		C5EDD5B41C7B0BE100B6E925 /* Assets.xcassets */ = {isa = PBXFileReference; lastKnownFileType = folder.assetcatalog; path = Assets.xcassets; sourceTree = "<group>"; };
		C5EDD5B71C7B0BE100B6E925 /* Base */ = {isa = PBXFileReference; lastKnownFileType = file.storyboard; name = Base; path = Base.lproj/LaunchScreen.storyboard; sourceTree = "<group>"; };
		C5EDD5B91C7B0BE100B6E925 /* Info.plist */ = {isa = PBXFileReference; lastKnownFileType = text.plist.xml; path = Info.plist; sourceTree = "<group>"; };
		C5EDD5BE1C7B0BE100B6E925 /* PANumberKeyboardTests.xctest */ = {isa = PBXFileReference; explicitFileType = wrapper.cfbundle; includeInIndex = 0; path = PANumberKeyboardTests.xctest; sourceTree = BUILT_PRODUCTS_DIR; };
		C5EDD5C21C7B0BE100B6E925 /* PANumberKeyboardTests.swift */ = {isa = PBXFileReference; lastKnownFileType = sourcecode.swift; path = PANumberKeyboardTests.swift; sourceTree = "<group>"; };
		C5EDD5C41C7B0BE100B6E925 /* Info.plist */ = {isa = PBXFileReference; lastKnownFileType = text.plist.xml; path = Info.plist; sourceTree = "<group>"; };
		C5EDD5C91C7B0BE100B6E925 /* PANumberKeyboardUITests.xctest */ = {isa = PBXFileReference; explicitFileType = wrapper.cfbundle; includeInIndex = 0; path = PANumberKeyboardUITests.xctest; sourceTree = BUILT_PRODUCTS_DIR; };
		C5EDD5CD1C7B0BE100B6E925 /* PANumberKeyboardUITests.swift */ = {isa = PBXFileReference; lastKnownFileType = sourcecode.swift; path = PANumberKeyboardUITests.swift; sourceTree = "<group>"; };
		C5EDD5CF1C7B0BE100B6E925 /* Info.plist */ = {isa = PBXFileReference; lastKnownFileType = text.plist.xml; path = Info.plist; sourceTree = "<group>"; };
		C5EDD5DC1C7B0C6600B6E925 /* PADecimalKeyboardButton.swift */ = {isa = PBXFileReference; fileEncoding = 4; lastKnownFileType = sourcecode.swift; path = PADecimalKeyboardButton.swift; sourceTree = "<group>"; };
		C5EDD5DD1C7B0C6600B6E925 /* PANumberKeyboardViewController.swift */ = {isa = PBXFileReference; fileEncoding = 4; lastKnownFileType = sourcecode.swift; path = PANumberKeyboardViewController.swift; sourceTree = "<group>"; };
		C5EDD5DF1C7B0C6600B6E925 /* Images.xcassets */ = {isa = PBXFileReference; lastKnownFileType = folder.assetcatalog; path = Images.xcassets; sourceTree = "<group>"; };
		C5EDD5E01C7B0C6600B6E925 /* PANumberKeyboardViewController.xib */ = {isa = PBXFileReference; fileEncoding = 4; lastKnownFileType = file.xib; path = PANumberKeyboardViewController.xib; sourceTree = "<group>"; };
/* End PBXFileReference section */

/* Begin PBXFrameworksBuildPhase section */
		C5EDD5A71C7B0BE100B6E925 /* Frameworks */ = {
			isa = PBXFrameworksBuildPhase;
			buildActionMask = 2147483647;
			files = (
			);
			runOnlyForDeploymentPostprocessing = 0;
		};
		C5EDD5BB1C7B0BE100B6E925 /* Frameworks */ = {
			isa = PBXFrameworksBuildPhase;
			buildActionMask = 2147483647;
			files = (
			);
			runOnlyForDeploymentPostprocessing = 0;
		};
		C5EDD5C61C7B0BE100B6E925 /* Frameworks */ = {
			isa = PBXFrameworksBuildPhase;
			buildActionMask = 2147483647;
			files = (
			);
			runOnlyForDeploymentPostprocessing = 0;
		};
/* End PBXFrameworksBuildPhase section */

/* Begin PBXGroup section */
		C5EDD5A11C7B0BE100B6E925 = {
			isa = PBXGroup;
			children = (
				C5EDD5AC1C7B0BE100B6E925 /* PANumberKeyboard */,
				C5EDD5C11C7B0BE100B6E925 /* PANumberKeyboardTests */,
				C5EDD5CC1C7B0BE100B6E925 /* PANumberKeyboardUITests */,
				C5EDD5AB1C7B0BE100B6E925 /* Products */,
			);
			sourceTree = "<group>";
		};
		C5EDD5AB1C7B0BE100B6E925 /* Products */ = {
			isa = PBXGroup;
			children = (
				C5EDD5AA1C7B0BE100B6E925 /* PANumberKeyboard.app */,
				C5EDD5BE1C7B0BE100B6E925 /* PANumberKeyboardTests.xctest */,
				C5EDD5C91C7B0BE100B6E925 /* PANumberKeyboardUITests.xctest */,
			);
			name = Products;
			sourceTree = "<group>";
		};
		C5EDD5AC1C7B0BE100B6E925 /* PANumberKeyboard */ = {
			isa = PBXGroup;
			children = (
				C5EDD5DB1C7B0C6600B6E925 /* Classes */,
				C5EDD5DE1C7B0C6600B6E925 /* Resources */,
				C5EDD5AD1C7B0BE100B6E925 /* AppDelegate.swift */,
				C5EDD5AF1C7B0BE100B6E925 /* ViewController.swift */,
				C5EDD5B11C7B0BE100B6E925 /* Main.storyboard */,
				C5EDD5B41C7B0BE100B6E925 /* Assets.xcassets */,
				C5EDD5B61C7B0BE100B6E925 /* LaunchScreen.storyboard */,
				C5EDD5B91C7B0BE100B6E925 /* Info.plist */,
			);
			path = PANumberKeyboard;
			sourceTree = "<group>";
		};
		C5EDD5C11C7B0BE100B6E925 /* PANumberKeyboardTests */ = {
			isa = PBXGroup;
			children = (
				C5EDD5C21C7B0BE100B6E925 /* PANumberKeyboardTests.swift */,
				C5EDD5C41C7B0BE100B6E925 /* Info.plist */,
			);
			path = PANumberKeyboardTests;
			sourceTree = "<group>";
		};
		C5EDD5CC1C7B0BE100B6E925 /* PANumberKeyboardUITests */ = {
			isa = PBXGroup;
			children = (
				C5EDD5CD1C7B0BE100B6E925 /* PANumberKeyboardUITests.swift */,
				C5EDD5CF1C7B0BE100B6E925 /* Info.plist */,
			);
			path = PANumberKeyboardUITests;
			sourceTree = "<group>";
		};
		C5EDD5DB1C7B0C6600B6E925 /* Classes */ = {
			isa = PBXGroup;
			children = (
				C5EDD5DC1C7B0C6600B6E925 /* PADecimalKeyboardButton.swift */,
				C5EDD5DD1C7B0C6600B6E925 /* PANumberKeyboardViewController.swift */,
			);
			name = Classes;
			path = ../../../Classes;
			sourceTree = "<group>";
		};
		C5EDD5DE1C7B0C6600B6E925 /* Resources */ = {
			isa = PBXGroup;
			children = (
				C5EDD5DF1C7B0C6600B6E925 /* Images.xcassets */,
				C5EDD5E01C7B0C6600B6E925 /* PANumberKeyboardViewController.xib */,
			);
			name = Resources;
			path = ../../../Resources;
			sourceTree = "<group>";
		};
/* End PBXGroup section */

/* Begin PBXNativeTarget section */
		C5EDD5A91C7B0BE100B6E925 /* PANumberKeyboard */ = {
			isa = PBXNativeTarget;
			buildConfigurationList = C5EDD5D21C7B0BE100B6E925 /* Build configuration list for PBXNativeTarget "PANumberKeyboard" */;
			buildPhases = (
				C5EDD5A61C7B0BE100B6E925 /* Sources */,
				C5EDD5A71C7B0BE100B6E925 /* Frameworks */,
				C5EDD5A81C7B0BE100B6E925 /* Resources */,
			);
			buildRules = (
			);
			dependencies = (
			);
			name = PANumberKeyboard;
			productName = PANumberKeyboard;
			productReference = C5EDD5AA1C7B0BE100B6E925 /* PANumberKeyboard.app */;
			productType = "com.apple.product-type.application";
		};
		C5EDD5BD1C7B0BE100B6E925 /* PANumberKeyboardTests */ = {
			isa = PBXNativeTarget;
			buildConfigurationList = C5EDD5D51C7B0BE100B6E925 /* Build configuration list for PBXNativeTarget "PANumberKeyboardTests" */;
			buildPhases = (
				C5EDD5BA1C7B0BE100B6E925 /* Sources */,
				C5EDD5BB1C7B0BE100B6E925 /* Frameworks */,
				C5EDD5BC1C7B0BE100B6E925 /* Resources */,
			);
			buildRules = (
			);
			dependencies = (
				C5EDD5C01C7B0BE100B6E925 /* PBXTargetDependency */,
			);
			name = PANumberKeyboardTests;
			productName = PANumberKeyboardTests;
			productReference = C5EDD5BE1C7B0BE100B6E925 /* PANumberKeyboardTests.xctest */;
			productType = "com.apple.product-type.bundle.unit-test";
		};
		C5EDD5C81C7B0BE100B6E925 /* PANumberKeyboardUITests */ = {
			isa = PBXNativeTarget;
			buildConfigurationList = C5EDD5D81C7B0BE100B6E925 /* Build configuration list for PBXNativeTarget "PANumberKeyboardUITests" */;
			buildPhases = (
				C5EDD5C51C7B0BE100B6E925 /* Sources */,
				C5EDD5C61C7B0BE100B6E925 /* Frameworks */,
				C5EDD5C71C7B0BE100B6E925 /* Resources */,
			);
			buildRules = (
			);
			dependencies = (
				C5EDD5CB1C7B0BE100B6E925 /* PBXTargetDependency */,
			);
			name = PANumberKeyboardUITests;
			productName = PANumberKeyboardUITests;
			productReference = C5EDD5C91C7B0BE100B6E925 /* PANumberKeyboardUITests.xctest */;
			productType = "com.apple.product-type.bundle.ui-testing";
		};
/* End PBXNativeTarget section */

/* Begin PBXProject section */
		C5EDD5A21C7B0BE100B6E925 /* Project object */ = {
			isa = PBXProject;
			attributes = {
				LastSwiftUpdateCheck = 0720;
				LastUpgradeCheck = 0720;
				ORGANIZATIONNAME = "Alexey Popkov";
				TargetAttributes = {
					C5EDD5A91C7B0BE100B6E925 = {
						CreatedOnToolsVersion = 7.2.1;
					};
					C5EDD5BD1C7B0BE100B6E925 = {
						CreatedOnToolsVersion = 7.2.1;
						TestTargetID = C5EDD5A91C7B0BE100B6E925;
					};
					C5EDD5C81C7B0BE100B6E925 = {
						CreatedOnToolsVersion = 7.2.1;
						TestTargetID = C5EDD5A91C7B0BE100B6E925;
					};
				};
			};
			buildConfigurationList = C5EDD5A51C7B0BE100B6E925 /* Build configuration list for PBXProject "PANumberKeyboard" */;
			compatibilityVersion = "Xcode 3.2";
			developmentRegion = English;
			hasScannedForEncodings = 0;
			knownRegions = (
				en,
				Base,
			);
			mainGroup = C5EDD5A11C7B0BE100B6E925;
			productRefGroup = C5EDD5AB1C7B0BE100B6E925 /* Products */;
			projectDirPath = "";
			projectRoot = "";
			targets = (
				C5EDD5A91C7B0BE100B6E925 /* PANumberKeyboard */,
				C5EDD5BD1C7B0BE100B6E925 /* PANumberKeyboardTests */,
				C5EDD5C81C7B0BE100B6E925 /* PANumberKeyboardUITests */,
			);
		};
/* End PBXProject section */

/* Begin PBXResourcesBuildPhase section */
		C5EDD5A81C7B0BE100B6E925 /* Resources */ = {
			isa = PBXResourcesBuildPhase;
			buildActionMask = 2147483647;
			files = (
				C5EDD5B81C7B0BE100B6E925 /* LaunchScreen.storyboard in Resources */,
				C5EDD5E31C7B0C6600B6E925 /* Images.xcassets in Resources */,
				C5EDD5E41C7B0C6600B6E925 /* PANumberKeyboardViewController.xib in Resources */,
				C5EDD5B51C7B0BE100B6E925 /* Assets.xcassets in Resources */,
				C5EDD5B31C7B0BE100B6E925 /* Main.storyboard in Resources */,
			);
			runOnlyForDeploymentPostprocessing = 0;
		};
		C5EDD5BC1C7B0BE100B6E925 /* Resources */ = {
			isa = PBXResourcesBuildPhase;
			buildActionMask = 2147483647;
			files = (
			);
			runOnlyForDeploymentPostprocessing = 0;
		};
		C5EDD5C71C7B0BE100B6E925 /* Resources */ = {
			isa = PBXResourcesBuildPhase;
			buildActionMask = 2147483647;
			files = (
			);
			runOnlyForDeploymentPostprocessing = 0;
		};
/* End PBXResourcesBuildPhase section */

/* Begin PBXSourcesBuildPhase section */
		C5EDD5A61C7B0BE100B6E925 /* Sources */ = {
			isa = PBXSourcesBuildPhase;
			buildActionMask = 2147483647;
			files = (
				C5EDD5B01C7B0BE100B6E925 /* ViewController.swift in Sources */,
				C5EDD5E21C7B0C6600B6E925 /* PANumberKeyboardViewController.swift in Sources */,
				C5EDD5AE1C7B0BE100B6E925 /* AppDelegate.swift in Sources */,
				C5EDD5E11C7B0C6600B6E925 /* PADecimalKeyboardButton.swift in Sources */,
			);
			runOnlyForDeploymentPostprocessing = 0;
		};
		C5EDD5BA1C7B0BE100B6E925 /* Sources */ = {
			isa = PBXSourcesBuildPhase;
			buildActionMask = 2147483647;
			files = (
				C5EDD5C31C7B0BE100B6E925 /* PANumberKeyboardTests.swift in Sources */,
			);
			runOnlyForDeploymentPostprocessing = 0;
		};
		C5EDD5C51C7B0BE100B6E925 /* Sources */ = {
			isa = PBXSourcesBuildPhase;
			buildActionMask = 2147483647;
			files = (
				C5EDD5CE1C7B0BE100B6E925 /* PANumberKeyboardUITests.swift in Sources */,
			);
			runOnlyForDeploymentPostprocessing = 0;
		};
/* End PBXSourcesBuildPhase section */

/* Begin PBXTargetDependency section */
		C5EDD5C01C7B0BE100B6E925 /* PBXTargetDependency */ = {
			isa = PBXTargetDependency;
			target = C5EDD5A91C7B0BE100B6E925 /* PANumberKeyboard */;
			targetProxy = C5EDD5BF1C7B0BE100B6E925 /* PBXContainerItemProxy */;
		};
		C5EDD5CB1C7B0BE100B6E925 /* PBXTargetDependency */ = {
			isa = PBXTargetDependency;
			target = C5EDD5A91C7B0BE100B6E925 /* PANumberKeyboard */;
			targetProxy = C5EDD5CA1C7B0BE100B6E925 /* PBXContainerItemProxy */;
		};
/* End PBXTargetDependency section */

/* Begin PBXVariantGroup section */
		C5EDD5B11C7B0BE100B6E925 /* Main.storyboard */ = {
			isa = PBXVariantGroup;
			children = (
				C5EDD5B21C7B0BE100B6E925 /* Base */,
			);
			name = Main.storyboard;
			sourceTree = "<group>";
		};
		C5EDD5B61C7B0BE100B6E925 /* LaunchScreen.storyboard */ = {
			isa = PBXVariantGroup;
			children = (
				C5EDD5B71C7B0BE100B6E925 /* Base */,
			);
			name = LaunchScreen.storyboard;
			sourceTree = "<group>";
		};
/* End PBXVariantGroup section */

/* Begin XCBuildConfiguration section */
		C5EDD5D01C7B0BE100B6E925 /* Debug */ = {
			isa = XCBuildConfiguration;
			buildSettings = {
				ALWAYS_SEARCH_USER_PATHS = NO;
				CLANG_CXX_LANGUAGE_STANDARD = "gnu++0x";
				CLANG_CXX_LIBRARY = "libc++";
				CLANG_ENABLE_MODULES = YES;
				CLANG_ENABLE_OBJC_ARC = YES;
				CLANG_WARN_BOOL_CONVERSION = YES;
				CLANG_WARN_CONSTANT_CONVERSION = YES;
				CLANG_WARN_DIRECT_OBJC_ISA_USAGE = YES_ERROR;
				CLANG_WARN_EMPTY_BODY = YES;
				CLANG_WARN_ENUM_CONVERSION = YES;
				CLANG_WARN_INT_CONVERSION = YES;
				CLANG_WARN_OBJC_ROOT_CLASS = YES_ERROR;
				CLANG_WARN_UNREACHABLE_CODE = YES;
				CLANG_WARN__DUPLICATE_METHOD_MATCH = YES;
				"CODE_SIGN_IDENTITY[sdk=iphoneos*]" = "iPhone Developer";
				COPY_PHASE_STRIP = NO;
				DEBUG_INFORMATION_FORMAT = dwarf;
				ENABLE_STRICT_OBJC_MSGSEND = YES;
				ENABLE_TESTABILITY = YES;
				GCC_C_LANGUAGE_STANDARD = gnu99;
				GCC_DYNAMIC_NO_PIC = NO;
				GCC_NO_COMMON_BLOCKS = YES;
				GCC_OPTIMIZATION_LEVEL = 0;
				GCC_PREPROCESSOR_DEFINITIONS = (
					"DEBUG=1",
					"$(inherited)",
				);
				GCC_WARN_64_TO_32_BIT_CONVERSION = YES;
				GCC_WARN_ABOUT_RETURN_TYPE = YES_ERROR;
				GCC_WARN_UNDECLARED_SELECTOR = YES;
				GCC_WARN_UNINITIALIZED_AUTOS = YES_AGGRESSIVE;
				GCC_WARN_UNUSED_FUNCTION = YES;
				GCC_WARN_UNUSED_VARIABLE = YES;
				IPHONEOS_DEPLOYMENT_TARGET = 9.2;
				MTL_ENABLE_DEBUG_INFO = YES;
				ONLY_ACTIVE_ARCH = YES;
				SDKROOT = iphoneos;
				SWIFT_OPTIMIZATION_LEVEL = "-Onone";
				TARGETED_DEVICE_FAMILY = "1,2";
			};
			name = Debug;
		};
		C5EDD5D11C7B0BE100B6E925 /* Release */ = {
			isa = XCBuildConfiguration;
			buildSettings = {
				ALWAYS_SEARCH_USER_PATHS = NO;
				CLANG_CXX_LANGUAGE_STANDARD = "gnu++0x";
				CLANG_CXX_LIBRARY = "libc++";
				CLANG_ENABLE_MODULES = YES;
				CLANG_ENABLE_OBJC_ARC = YES;
				CLANG_WARN_BOOL_CONVERSION = YES;
				CLANG_WARN_CONSTANT_CONVERSION = YES;
				CLANG_WARN_DIRECT_OBJC_ISA_USAGE = YES_ERROR;
				CLANG_WARN_EMPTY_BODY = YES;
				CLANG_WARN_ENUM_CONVERSION = YES;
				CLANG_WARN_INT_CONVERSION = YES;
				CLANG_WARN_OBJC_ROOT_CLASS = YES_ERROR;
				CLANG_WARN_UNREACHABLE_CODE = YES;
				CLANG_WARN__DUPLICATE_METHOD_MATCH = YES;
				"CODE_SIGN_IDENTITY[sdk=iphoneos*]" = "iPhone Developer";
				COPY_PHASE_STRIP = NO;
				DEBUG_INFORMATION_FORMAT = "dwarf-with-dsym";
				ENABLE_NS_ASSERTIONS = NO;
				ENABLE_STRICT_OBJC_MSGSEND = YES;
				GCC_C_LANGUAGE_STANDARD = gnu99;
				GCC_NO_COMMON_BLOCKS = YES;
				GCC_WARN_64_TO_32_BIT_CONVERSION = YES;
				GCC_WARN_ABOUT_RETURN_TYPE = YES_ERROR;
				GCC_WARN_UNDECLARED_SELECTOR = YES;
				GCC_WARN_UNINITIALIZED_AUTOS = YES_AGGRESSIVE;
				GCC_WARN_UNUSED_FUNCTION = YES;
				GCC_WARN_UNUSED_VARIABLE = YES;
				IPHONEOS_DEPLOYMENT_TARGET = 9.2;
				MTL_ENABLE_DEBUG_INFO = NO;
				SDKROOT = iphoneos;
				TARGETED_DEVICE_FAMILY = "1,2";
				VALIDATE_PRODUCT = YES;
			};
			name = Release;
		};
		C5EDD5D31C7B0BE100B6E925 /* Debug */ = {
			isa = XCBuildConfiguration;
			buildSettings = {
				ASSETCATALOG_COMPILER_APPICON_NAME = AppIcon;
				INFOPLIST_FILE = PANumberKeyboard/Info.plist;
				LD_RUNPATH_SEARCH_PATHS = "$(inherited) @executable_path/Frameworks";
				PRODUCT_BUNDLE_IDENTIFIER = com.popkov.numberKeyboard.PANumberKeyboard;
				PRODUCT_NAME = "$(TARGET_NAME)";
			};
			name = Debug;
		};
		C5EDD5D41C7B0BE100B6E925 /* Release */ = {
			isa = XCBuildConfiguration;
			buildSettings = {
				ASSETCATALOG_COMPILER_APPICON_NAME = AppIcon;
				INFOPLIST_FILE = PANumberKeyboard/Info.plist;
				LD_RUNPATH_SEARCH_PATHS = "$(inherited) @executable_path/Frameworks";
				PRODUCT_BUNDLE_IDENTIFIER = com.popkov.numberKeyboard.PANumberKeyboard;
				PRODUCT_NAME = "$(TARGET_NAME)";
			};
			name = Release;
		};
		C5EDD5D61C7B0BE100B6E925 /* Debug */ = {
			isa = XCBuildConfiguration;
			buildSettings = {
				BUNDLE_LOADER = "$(TEST_HOST)";
				INFOPLIST_FILE = PANumberKeyboardTests/Info.plist;
				LD_RUNPATH_SEARCH_PATHS = "$(inherited) @executable_path/Frameworks @loader_path/Frameworks";
				PRODUCT_BUNDLE_IDENTIFIER = com.popkov.numberKeyboard.PANumberKeyboardTests;
				PRODUCT_NAME = "$(TARGET_NAME)";
				TEST_HOST = "$(BUILT_PRODUCTS_DIR)/PANumberKeyboard.app/PANumberKeyboard";
			};
			name = Debug;
		};
		C5EDD5D71C7B0BE100B6E925 /* Release */ = {
			isa = XCBuildConfiguration;
			buildSettings = {
				BUNDLE_LOADER = "$(TEST_HOST)";
				INFOPLIST_FILE = PANumberKeyboardTests/Info.plist;
				LD_RUNPATH_SEARCH_PATHS = "$(inherited) @executable_path/Frameworks @loader_path/Frameworks";
				PRODUCT_BUNDLE_IDENTIFIER = com.popkov.numberKeyboard.PANumberKeyboardTests;
				PRODUCT_NAME = "$(TARGET_NAME)";
				TEST_HOST = "$(BUILT_PRODUCTS_DIR)/PANumberKeyboard.app/PANumberKeyboard";
			};
			name = Release;
		};
		C5EDD5D91C7B0BE100B6E925 /* Debug */ = {
			isa = XCBuildConfiguration;
			buildSettings = {
				INFOPLIST_FILE = PANumberKeyboardUITests/Info.plist;
				LD_RUNPATH_SEARCH_PATHS = "$(inherited) @executable_path/Frameworks @loader_path/Frameworks";
				PRODUCT_BUNDLE_IDENTIFIER = com.popkov.numberKeyboard.PANumberKeyboardUITests;
				PRODUCT_NAME = "$(TARGET_NAME)";
				TEST_TARGET_NAME = PANumberKeyboard;
				USES_XCTRUNNER = YES;
			};
			name = Debug;
		};
		C5EDD5DA1C7B0BE100B6E925 /* Release */ = {
			isa = XCBuildConfiguration;
			buildSettings = {
				INFOPLIST_FILE = PANumberKeyboardUITests/Info.plist;
				LD_RUNPATH_SEARCH_PATHS = "$(inherited) @executable_path/Frameworks @loader_path/Frameworks";
				PRODUCT_BUNDLE_IDENTIFIER = com.popkov.numberKeyboard.PANumberKeyboardUITests;
				PRODUCT_NAME = "$(TARGET_NAME)";
				TEST_TARGET_NAME = PANumberKeyboard;
				USES_XCTRUNNER = YES;
			};
			name = Release;
		};
/* End XCBuildConfiguration section */

/* Begin XCConfigurationList section */
		C5EDD5A51C7B0BE100B6E925 /* Build configuration list for PBXProject "PANumberKeyboard" */ = {
			isa = XCConfigurationList;
			buildConfigurations = (
				C5EDD5D01C7B0BE100B6E925 /* Debug */,
				C5EDD5D11C7B0BE100B6E925 /* Release */,
			);
			defaultConfigurationIsVisible = 0;
			defaultConfigurationName = Release;
		};
		C5EDD5D21C7B0BE100B6E925 /* Build configuration list for PBXNativeTarget "PANumberKeyboard" */ = {
			isa = XCConfigurationList;
			buildConfigurations = (
				C5EDD5D31C7B0BE100B6E925 /* Debug */,
				C5EDD5D41C7B0BE100B6E925 /* Release */,
			);
			defaultConfigurationIsVisible = 0;
		};
		C5EDD5D51C7B0BE100B6E925 /* Build configuration list for PBXNativeTarget "PANumberKeyboardTests" */ = {
			isa = XCConfigurationList;
			buildConfigurations = (
				C5EDD5D61C7B0BE100B6E925 /* Debug */,
				C5EDD5D71C7B0BE100B6E925 /* Release */,
			);
			defaultConfigurationIsVisible = 0;
		};
		C5EDD5D81C7B0BE100B6E925 /* Build configuration list for PBXNativeTarget "PANumberKeyboardUITests" */ = {
			isa = XCConfigurationList;
			buildConfigurations = (
				C5EDD5D91C7B0BE100B6E925 /* Debug */,
				C5EDD5DA1C7B0BE100B6E925 /* Release */,
			);
			defaultConfigurationIsVisible = 0;
		};
/* End XCConfigurationList section */
	};
	rootObject = C5EDD5A21C7B0BE100B6E925 /* Project object */;
}
